
Microsoft Visual Studio Solution File, Format Version 11.00
# Visual Studio 2010
Project("{FAE04EC0-301F-11D3-BF4B-00C04F79EFBC}") = "Presentation", "Presentation\Presentation.csproj", "{313C6E0F-6CDD-4DB6-974B-7DBF4F5BBAC6}"
EndProject
Project("{FAE04EC0-301F-11D3-BF4B-00C04F79EFBC}") = "Genetics", "Genetics\Genetics.csproj", "{1AB12B7F-422F-4D08-A87E-AB535277C7F8}"
EndProject
Project("{FAE04EC0-301F-11D3-BF4B-00C04F79EFBC}") = "Optimization", "Optimization\Optimization.csproj", "{4085E144-BA34-49F0-8793-59BA5F6981D9}"
EndProject
Project("{F088123C-0E9E-452A-89E6-6BA2F21D5CAC}") = "ModelingProject1", "ModelingProject1\ModelingProject1.modelproj", "{488AF068-7B3B-4780-9227-8982749847C3}"
EndProject
Project("{FAE04EC0-301F-11D3-BF4B-00C04F79EFBC}") = "Evolutive", "Evolutive\Evolutive.csproj", "{DD0B543F-B623-4DAD-8256-54B5060ADD5C}"
EndProject
Project("{FAE04EC0-301F-11D3-BF4B-00C04F79EFBC}") = "EvolutivePresentation", "EvolutivePresentation\EvolutivePresentation.csproj", "{A1B3F365-6F47-4EE2-89B3-6597B437B64A}"
EndProject
Global
	GlobalSection(SolutionConfigurationPlatforms) = preSolution
		Debug|Any CPU = Debug|Any CPU
		Debug|Mixed Platforms = Debug|Mixed Platforms
		Debug|x86 = Debug|x86
		Release|Any CPU = Release|Any CPU
		Release|Mixed Platforms = Release|Mixed Platforms
		Release|x86 = Release|x86
	EndGlobalSection
	GlobalSection(ProjectConfigurationPlatforms) = postSolution
		{313C6E0F-6CDD-4DB6-974B-7DBF4F5BBAC6}.Debug|Any CPU.ActiveCfg = Debug|x86
		{313C6E0F-6CDD-4DB6-974B-7DBF4F5BBAC6}.Debug|Mixed Platforms.ActiveCfg = Debug|x86
		{313C6E0F-6CDD-4DB6-974B-7DBF4F5BBAC6}.Debug|Mixed Platforms.Build.0 = Debug|x86
		{313C6E0F-6CDD-4DB6-974B-7DBF4F5BBAC6}.Debug|x86.ActiveCfg = Debug|x86
		{313C6E0F-6CDD-4DB6-974B-7DBF4F5BBAC6}.Debug|x86.Build.0 = Debug|x86
		{313C6E0F-6CDD-4DB6-974B-7DBF4F5BBAC6}.Release|Any CPU.ActiveCfg = Release|x86
		{313C6E0F-6CDD-4DB6-974B-7DBF4F5BBAC6}.Release|Mixed Platforms.ActiveCfg = Release|x86
		{313C6E0F-6CDD-4DB6-974B-7DBF4F5BBAC6}.Release|Mixed Platforms.Build.0 = Release|x86
		{313C6E0F-6CDD-4DB6-974B-7DBF4F5BBAC6}.Release|x86.ActiveCfg = Release|x86
		{313C6E0F-6CDD-4DB6-974B-7DBF4F5BBAC6}.Release|x86.Build.0 = Release|x86
		{1AB12B7F-422F-4D08-A87E-AB535277C7F8}.Debug|Any CPU.ActiveCfg = Debug|Any CPU
		{1AB12B7F-422F-4D08-A87E-AB535277C7F8}.Debug|Any CPU.Build.0 = Debug|Any CPU
		{1AB12B7F-422F-4D08-A87E-AB535277C7F8}.Debug|Mixed Platforms.ActiveCfg = Debug|Any CPU
		{1AB12B7F-422F-4D08-A87E-AB535277C7F8}.Debug|Mixed Platforms.Build.0 = Debug|Any CPU
		{1AB12B7F-422F-4D08-A87E-AB535277C7F8}.Debug|x86.ActiveCfg = Debug|Any CPU
		{1AB12B7F-422F-4D08-A87E-AB535277C7F8}.Release|Any CPU.ActiveCfg = Release|Any CPU
		{1AB12B7F-422F-4D08-A87E-AB535277C7F8}.Release|Any CPU.Build.0 = Release|Any CPU
		{1AB12B7F-422F-4D08-A87E-AB535277C7F8}.Release|Mixed Platforms.ActiveCfg = Release|Any CPU
		{1AB12B7F-422F-4D08-A87E-AB535277C7F8}.Release|Mixed Platforms.Build.0 = Release|Any CPU
		{1AB12B7F-422F-4D08-A87E-AB535277C7F8}.Release|x86.ActiveCfg = Release|Any CPU
		{4085E144-BA34-49F0-8793-59BA5F6981D9}.Debug|Any CPU.ActiveCfg = Debug|Any CPU
		{4085E144-BA34-49F0-8793-59BA5F6981D9}.Debug|Any CPU.Build.0 = Debug|Any CPU
		{4085E144-BA34-49F0-8793-59BA5F6981D9}.Debug|Mixed Platforms.ActiveCfg = Debug|Any CPU
		{4085E144-BA34-49F0-8793-59BA5F6981D9}.Debug|Mixed Platforms.Build.0 = Debug|Any CPU
		{4085E144-BA34-49F0-8793-59BA5F6981D9}.Debug|x86.ActiveCfg = Debug|Any CPU
		{4085E144-BA34-49F0-8793-59BA5F6981D9}.Release|Any CPU.ActiveCfg = Release|Any CPU
		{4085E144-BA34-49F0-8793-59BA5F6981D9}.Release|Any CPU.Build.0 = Release|Any CPU
		{4085E144-BA34-49F0-8793-59BA5F6981D9}.Release|Mixed Platforms.ActiveCfg = Release|Any CPU
		{4085E144-BA34-49F0-8793-59BA5F6981D9}.Release|Mixed Platforms.Build.0 = Release|Any CPU
		{4085E144-BA34-49F0-8793-59BA5F6981D9}.Release|x86.ActiveCfg = Release|Any CPU
		{488AF068-7B3B-4780-9227-8982749847C3}.Debug|Any CPU.ActiveCfg = Debug|Any CPU
		{488AF068-7B3B-4780-9227-8982749847C3}.Debug|Any CPU.Build.0 = Debug|Any CPU
		{488AF068-7B3B-4780-9227-8982749847C3}.Debug|Mixed Platforms.ActiveCfg = Debug|Any CPU
		{488AF068-7B3B-4780-9227-8982749847C3}.Debug|Mixed Platforms.Build.0 = Debug|Any CPU
		{488AF068-7B3B-4780-9227-8982749847C3}.Debug|x86.ActiveCfg = Debug|Any CPU
		{488AF068-7B3B-4780-9227-8982749847C3}.Release|Any CPU.ActiveCfg = Release|Any CPU
		{488AF068-7B3B-4780-9227-8982749847C3}.Release|Any CPU.Build.0 = Release|Any CPU
		{488AF068-7B3B-4780-9227-8982749847C3}.Release|Mixed Platforms.ActiveCfg = Release|Any CPU
		{488AF068-7B3B-4780-9227-8982749847C3}.Release|Mixed Platforms.Build.0 = Release|Any CPU
		{488AF068-7B3B-4780-9227-8982749847C3}.Release|x86.ActiveCfg = Release|Any CPU
		{DD0B543F-B623-4DAD-8256-54B5060ADD5C}.Debug|Any CPU.ActiveCfg = Debug|Any CPU
		{DD0B543F-B623-4DAD-8256-54B5060ADD5C}.Debug|Any CPU.Build.0 = Debug|Any CPU
		{DD0B543F-B623-4DAD-8256-54B5060ADD5C}.Debug|Mixed Platforms.ActiveCfg = Debug|Any CPU
		{DD0B543F-B623-4DAD-8256-54B5060ADD5C}.Debug|Mixed Platforms.Build.0 = Debug|Any CPU
		{DD0B543F-B623-4DAD-8256-54B5060ADD5C}.Debug|x86.ActiveCfg = Debug|Any CPU
		{DD0B543F-B623-4DAD-8256-54B5060ADD5C}.Release|Any CPU.ActiveCfg = Release|Any CPU
		{DD0B543F-B623-4DAD-8256-54B5060ADD5C}.Release|Any CPU.Build.0 = Release|Any CPU
		{DD0B543F-B623-4DAD-8256-54B5060ADD5C}.Release|Mixed Platforms.ActiveCfg = Release|Any CPU
		{DD0B543F-B623-4DAD-8256-54B5060ADD5C}.Release|Mixed Platforms.Build.0 = Release|Any CPU
		{DD0B543F-B623-4DAD-8256-54B5060ADD5C}.Release|x86.ActiveCfg = Release|Any CPU
		{A1B3F365-6F47-4EE2-89B3-6597B437B64A}.Debug|Any CPU.ActiveCfg = Debug|x86
		{A1B3F365-6F47-4EE2-89B3-6597B437B64A}.Debug|Mixed Platforms.ActiveCfg = Debug|x86
		{A1B3F365-6F47-4EE2-89B3-6597B437B64A}.Debug|Mixed Platforms.Build.0 = Debug|x86
		{A1B3F365-6F47-4EE2-89B3-6597B437B64A}.Debug|x86.ActiveCfg = Debug|x86
		{A1B3F365-6F47-4EE2-89B3-6597B437B64A}.Debug|x86.Build.0 = Debug|x86
		{A1B3F365-6F47-4EE2-89B3-6597B437B64A}.Release|Any CPU.ActiveCfg = Release|x86
		{A1B3F365-6F47-4EE2-89B3-6597B437B64A}.Release|Mixed Platforms.ActiveCfg = Release|x86
		{A1B3F365-6F47-4EE2-89B3-6597B437B64A}.Release|Mixed Platforms.Build.0 = Release|x86
		{A1B3F365-6F47-4EE2-89B3-6597B437B64A}.Release|x86.ActiveCfg = Release|x86
		{A1B3F365-6F47-4EE2-89B3-6597B437B64A}.Release|x86.Build.0 = Release|x86
	EndGlobalSection
	GlobalSection(SolutionProperties) = preSolution
		HideSolutionNode = FALSE
	EndGlobalSection
EndGlobal
